
Microsoft Visual Studio Solution File, Format Version 12.00
# Visual Studio Version 17
VisualStudioVersion = 17.0.31903.59
MinimumVisualStudioVersion = 10.0.40219.1
Project("{2150E333-8FDC-42A3-9474-1A3956D46DE8}") = "src", "src", "{827E0CD3-B72D-47B6-A68D-7590B98EB39B}"
EndProject
Project("{FAE04EC0-301F-11D3-BF4B-00C04F79EFBC}") = "HospitalityPlatform.Api", "src\HospitalityPlatform.Api\HospitalityPlatform.Api.csproj", "{AEB3D97A-D367-4FC2-94B7-8D1940A16391}"
EndProject
Project("{FAE04EC0-301F-11D3-BF4B-00C04F79EFBC}") = "HospitalityPlatform.Core", "src\HospitalityPlatform.Core\HospitalityPlatform.Core.csproj", "{DAAB5E51-0505-4BDD-A31C-7BB4EC34F5B0}"
EndProject
Project("{FAE04EC0-301F-11D3-BF4B-00C04F79EFBC}") = "HospitalityPlatform.Auth", "src\HospitalityPlatform.Auth\HospitalityPlatform.Auth.csproj", "{13897D53-CF23-4500-8E54-BCAFECF91E22}"
EndProject
Project("{FAE04EC0-301F-11D3-BF4B-00C04F79EFBC}") = "HospitalityPlatform.Identity", "src\HospitalityPlatform.Identity\HospitalityPlatform.Identity.csproj", "{AAFB2FE3-6FA5-4ED0-A792-4F18167F4117}"
EndProject
Project("{FAE04EC0-301F-11D3-BF4B-00C04F79EFBC}") = "HospitalityPlatform.Audit", "src\HospitalityPlatform.Audit\HospitalityPlatform.Audit.csproj", "{26E0155B-F188-4396-8585-9B6D867A5F04}"
EndProject
Project("{FAE04EC0-301F-11D3-BF4B-00C04F79EFBC}") = "HospitalityPlatform.Jobs", "src\HospitalityPlatform.Jobs\HospitalityPlatform.Jobs.csproj", "{36F7C3E5-5F45-40F1-86D7-C8A7B8D3F2E1}"
EndProject
Project("{FAE04EC0-301F-11D3-BF4B-00C04F79EFBC}") = "HospitalityPlatform.Database", "src\HospitalityPlatform.Database\HospitalityPlatform.Database.csproj", "{46G7D4F6-6F56-50G2-97E8-D9B8C9E4G3F2}"
EndProject
Project("{FAE04EC0-301F-11D3-BF4B-00C04F79EFBC}") = "HospitalityPlatform.Billing", "src\HospitalityPlatform.Billing\HospitalityPlatform.Billing.csproj", "{57H8E5G7-7G67-61H3-98F9-E0C9D0F5H4G3}"
EndProject
Project("{FAE04EC0-301F-11D3-BF4B-00C04F79EFBC}") = "HospitalityPlatform.Entitlements", "src\HospitalityPlatform.Entitlements\HospitalityPlatform.Entitlements.csproj", "{68I9F6H8-8H78-72I4-99G0-F1D0E1G6I5H4}"
EndProject
Project("{FAE04EC0-301F-11D3-BF4B-00C04F79EFBC}") = "HospitalityPlatform.Billing.Tests", "src\HospitalityPlatform.Billing.Tests\HospitalityPlatform.Billing.Tests.csproj", "{79J0G7I9-9I89-83J5-00H1-G2E1F2H7J6I5}"
EndProject
Project("{FAE04EC0-301F-11D3-BF4B-00C04F79EFBC}") = "HospitalityPlatform.Entitlements.Tests", "src\HospitalityPlatform.Entitlements.Tests\HospitalityPlatform.Entitlements.Tests.csproj", "{80K1H8J0-0J90-94K6-11I2-H3F2G3I8K7J6}"
EndProject
Project("{FAE04EC0-301F-11D3-BF4B-00C04F79EFBC}") = "HospitalityPlatform.Messaging", "src\HospitalityPlatform.Messaging\HospitalityPlatform.Messaging.csproj", "{81L2I9K1-1K01-05L7-12J3-I4G3H4J9L8K7}"
EndProject
Project("{FAE04EC0-301F-11D3-BF4B-00C04F79EFBC}") = "HospitalityPlatform.Documents", "src\HospitalityPlatform.Documents\HospitalityPlatform.Documents.csproj", "{92M3J0L2-2L12-16M8-23K4-J5H4I5K0M9L8}"
EndProject
Project("{FAE04EC0-301F-11D3-BF4B-00C04F79EFBC}") = "HospitalityPlatform.Messaging.Tests", "src\HospitalityPlatform.Messaging.Tests\HospitalityPlatform.Messaging.Tests.csproj", "{03N4K1M3-3M23-27N9-34L5-K6I5J6L1N0M9}"
EndProject
Project("{FAE04EC0-301F-11D3-BF4B-00C04F79EFBC}") = "HospitalityPlatform.Documents.Tests", "src\HospitalityPlatform.Documents.Tests\HospitalityPlatform.Documents.Tests.csproj", "{14O5L2N4-4N34-38O0-45M6-L7J6K7M2O1N0}"
EndProject
Project("{FAE04EC0-301F-11D3-BF4B-00C04F79EFBC}") = "HospitalityPlatform.Waitlist", "src\HospitalityPlatform.Waitlist\HospitalityPlatform.Waitlist.csproj", "{D53F73D1-38BD-4AFC-9B8D-B7781ABF6FEE}"
EndProject
Project("{FAE04EC0-301F-11D3-BF4B-00C04F79EFBC}") = "HospitalityPlatform.Identity.Tests", "src\HospitalityPlatform.Identity.Tests\HospitalityPlatform.Identity.Tests.csproj", "{F9942AB7-A315-4794-9CEE-F5DEB8729B24}"
EndProject
Project("{FAE04EC0-301F-11D3-BF4B-00C04F79EFBC}") = "HospitalityPlatform.Ratings", "src\HospitalityPlatform.Ratings\HospitalityPlatform.Ratings.csproj", "{78682D1D-2421-4A0A-946C-BB945E91FF80}"
EndProject
Global
	GlobalSection(SolutionConfigurationPlatforms) = preSolution
		Debug|Any CPU = Debug|Any CPU
		Debug|x64 = Debug|x64
		Debug|x86 = Debug|x86
		Release|Any CPU = Release|Any CPU
		Release|x64 = Release|x64
		Release|x86 = Release|x86
	EndGlobalSection
	GlobalSection(ProjectConfigurationPlatforms) = postSolution
		{AEB3D97A-D367-4FC2-94B7-8D1940A16391}.Debug|Any CPU.ActiveCfg = Debug|Any CPU
		{AEB3D97A-D367-4FC2-94B7-8D1940A16391}.Debug|Any CPU.Build.0 = Debug|Any CPU
		{AEB3D97A-D367-4FC2-94B7-8D1940A16391}.Debug|x64.ActiveCfg = Debug|Any CPU
		{AEB3D97A-D367-4FC2-94B7-8D1940A16391}.Debug|x64.Build.0 = Debug|Any CPU
		{AEB3D97A-D367-4FC2-94B7-8D1940A16391}.Debug|x86.ActiveCfg = Debug|Any CPU
		{AEB3D97A-D367-4FC2-94B7-8D1940A16391}.Debug|x86.Build.0 = Debug|Any CPU
		{AEB3D97A-D367-4FC2-94B7-8D1940A16391}.Release|Any CPU.ActiveCfg = Release|Any CPU
		{AEB3D97A-D367-4FC2-94B7-8D1940A16391}.Release|Any CPU.Build.0 = Release|Any CPU
		{AEB3D97A-D367-4FC2-94B7-8D1940A16391}.Release|x64.ActiveCfg = Release|Any CPU
		{AEB3D97A-D367-4FC2-94B7-8D1940A16391}.Release|x64.Build.0 = Release|Any CPU
		{AEB3D97A-D367-4FC2-94B7-8D1940A16391}.Release|x86.ActiveCfg = Release|Any CPU
		{AEB3D97A-D367-4FC2-94B7-8D1940A16391}.Release|x86.Build.0 = Release|Any CPU
		{DAAB5E51-0505-4BDD-A31C-7BB4EC34F5B0}.Debug|Any CPU.ActiveCfg = Debug|Any CPU
		{DAAB5E51-0505-4BDD-A31C-7BB4EC34F5B0}.Debug|Any CPU.Build.0 = Debug|Any CPU
		{DAAB5E51-0505-4BDD-A31C-7BB4EC34F5B0}.Debug|x64.ActiveCfg = Debug|Any CPU
		{DAAB5E51-0505-4BDD-A31C-7BB4EC34F5B0}.Debug|x64.Build.0 = Debug|Any CPU
		{DAAB5E51-0505-4BDD-A31C-7BB4EC34F5B0}.Debug|x86.ActiveCfg = Debug|Any CPU
		{DAAB5E51-0505-4BDD-A31C-7BB4EC34F5B0}.Debug|x86.Build.0 = Debug|Any CPU
		{DAAB5E51-0505-4BDD-A31C-7BB4EC34F5B0}.Release|Any CPU.ActiveCfg = Release|Any CPU
		{DAAB5E51-0505-4BDD-A31C-7BB4EC34F5B0}.Release|Any CPU.Build.0 = Release|Any CPU
		{DAAB5E51-0505-4BDD-A31C-7BB4EC34F5B0}.Release|x64.ActiveCfg = Release|Any CPU
		{DAAB5E51-0505-4BDD-A31C-7BB4EC34F5B0}.Release|x64.Build.0 = Release|Any CPU
		{DAAB5E51-0505-4BDD-A31C-7BB4EC34F5B0}.Release|x86.ActiveCfg = Release|Any CPU
		{DAAB5E51-0505-4BDD-A31C-7BB4EC34F5B0}.Release|x86.Build.0 = Release|Any CPU
		{13897D53-CF23-4500-8E54-BCAFECF91E22}.Debug|Any CPU.ActiveCfg = Debug|Any CPU
		{13897D53-CF23-4500-8E54-BCAFECF91E22}.Debug|Any CPU.Build.0 = Debug|Any CPU
		{13897D53-CF23-4500-8E54-BCAFECF91E22}.Debug|x64.ActiveCfg = Debug|Any CPU
		{13897D53-CF23-4500-8E54-BCAFECF91E22}.Debug|x64.Build.0 = Debug|Any CPU
		{13897D53-CF23-4500-8E54-BCAFECF91E22}.Debug|x86.ActiveCfg = Debug|Any CPU
		{13897D53-CF23-4500-8E54-BCAFECF91E22}.Debug|x86.Build.0 = Debug|Any CPU
		{13897D53-CF23-4500-8E54-BCAFECF91E22}.Release|Any CPU.ActiveCfg = Release|Any CPU
		{13897D53-CF23-4500-8E54-BCAFECF91E22}.Release|Any CPU.Build.0 = Release|Any CPU
		{13897D53-CF23-4500-8E54-BCAFECF91E22}.Release|x64.ActiveCfg = Release|Any CPU
		{13897D53-CF23-4500-8E54-BCAFECF91E22}.Release|x64.Build.0 = Release|Any CPU
		{13897D53-CF23-4500-8E54-BCAFECF91E22}.Release|x86.ActiveCfg = Release|Any CPU
		{13897D53-CF23-4500-8E54-BCAFECF91E22}.Release|x86.Build.0 = Release|Any CPU
		{AAFB2FE3-6FA5-4ED0-A792-4F18167F4117}.Debug|Any CPU.ActiveCfg = Debug|Any CPU
		{AAFB2FE3-6FA5-4ED0-A792-4F18167F4117}.Debug|Any CPU.Build.0 = Debug|Any CPU
		{AAFB2FE3-6FA5-4ED0-A792-4F18167F4117}.Debug|x64.ActiveCfg = Debug|Any CPU
		{AAFB2FE3-6FA5-4ED0-A792-4F18167F4117}.Debug|x64.Build.0 = Debug|Any CPU
		{AAFB2FE3-6FA5-4ED0-A792-4F18167F4117}.Debug|x86.ActiveCfg = Debug|Any CPU
		{AAFB2FE3-6FA5-4ED0-A792-4F18167F4117}.Debug|x86.Build.0 = Debug|Any CPU
		{AAFB2FE3-6FA5-4ED0-A792-4F18167F4117}.Release|Any CPU.ActiveCfg = Release|Any CPU
		{AAFB2FE3-6FA5-4ED0-A792-4F18167F4117}.Release|Any CPU.Build.0 = Release|Any CPU
		{AAFB2FE3-6FA5-4ED0-A792-4F18167F4117}.Release|x64.ActiveCfg = Release|Any CPU
		{AAFB2FE3-6FA5-4ED0-A792-4F18167F4117}.Release|x64.Build.0 = Release|Any CPU
		{AAFB2FE3-6FA5-4ED0-A792-4F18167F4117}.Release|x86.ActiveCfg = Release|Any CPU
		{AAFB2FE3-6FA5-4ED0-A792-4F18167F4117}.Release|x86.Build.0 = Release|Any CPU
		{26E0155B-F188-4396-8585-9B6D867A5F04}.Debug|Any CPU.ActiveCfg = Debug|Any CPU
		{26E0155B-F188-4396-8585-9B6D867A5F04}.Debug|Any CPU.Build.0 = Debug|Any CPU
		{26E0155B-F188-4396-8585-9B6D867A5F04}.Debug|x64.ActiveCfg = Debug|Any CPU
		{26E0155B-F188-4396-8585-9B6D867A5F04}.Debug|x64.Build.0 = Debug|Any CPU
		{26E0155B-F188-4396-8585-9B6D867A5F04}.Debug|x86.ActiveCfg = Debug|Any CPU
		{26E0155B-F188-4396-8585-9B6D867A5F04}.Debug|x86.Build.0 = Debug|Any CPU
		{26E0155B-F188-4396-8585-9B6D867A5F04}.Release|Any CPU.ActiveCfg = Release|Any CPU
		{26E0155B-F188-4396-8585-9B6D867A5F04}.Release|Any CPU.Build.0 = Release|Any CPU
		{26E0155B-F188-4396-8585-9B6D867A5F04}.Release|x64.ActiveCfg = Release|Any CPU
		{26E0155B-F188-4396-8585-9B6D867A5F04}.Release|x64.Build.0 = Release|Any CPU
		{26E0155B-F188-4396-8585-9B6D867A5F04}.Release|x86.ActiveCfg = Release|Any CPU
		{26E0155B-F188-4396-8585-9B6D867A5F04}.Release|x86.Build.0 = Release|Any CPU
		{36F7C3E5-5F45-40F1-86D7-C8A7B8D3F2E1}.Debug|Any CPU.ActiveCfg = Debug|Any CPU
		{36F7C3E5-5F45-40F1-86D7-C8A7B8D3F2E1}.Debug|Any CPU.Build.0 = Debug|Any CPU
		{36F7C3E5-5F45-40F1-86D7-C8A7B8D3F2E1}.Debug|x64.ActiveCfg = Debug|Any CPU
		{36F7C3E5-5F45-40F1-86D7-C8A7B8D3F2E1}.Debug|x64.Build.0 = Debug|Any CPU
		{36F7C3E5-5F45-40F1-86D7-C8A7B8D3F2E1}.Debug|x86.ActiveCfg = Debug|Any CPU
		{36F7C3E5-5F45-40F1-86D7-C8A7B8D3F2E1}.Debug|x86.Build.0 = Debug|Any CPU
		{36F7C3E5-5F45-40F1-86D7-C8A7B8D3F2E1}.Release|Any CPU.ActiveCfg = Release|Any CPU
		{36F7C3E5-5F45-40F1-86D7-C8A7B8D3F2E1}.Release|Any CPU.Build.0 = Release|Any CPU
		{36F7C3E5-5F45-40F1-86D7-C8A7B8D3F2E1}.Release|x64.ActiveCfg = Release|Any CPU
		{36F7C3E5-5F45-40F1-86D7-C8A7B8D3F2E1}.Release|x64.Build.0 = Release|Any CPU
		{36F7C3E5-5F45-40F1-86D7-C8A7B8D3F2E1}.Release|x86.ActiveCfg = Release|Any CPU
		{36F7C3E5-5F45-40F1-86D7-C8A7B8D3F2E1}.Release|x86.Build.0 = Release|Any CPU
		{46G7D4F6-6F56-50G2-97E8-D9B8C9E4G3F2}.Debug|Any CPU.ActiveCfg = Debug|Any CPU
		{46G7D4F6-6F56-50G2-97E8-D9B8C9E4G3F2}.Debug|Any CPU.Build.0 = Debug|Any CPU
		{46G7D4F6-6F56-50G2-97E8-D9B8C9E4G3F2}.Debug|x64.ActiveCfg = Debug|Any CPU
		{46G7D4F6-6F56-50G2-97E8-D9B8C9E4G3F2}.Debug|x64.Build.0 = Debug|Any CPU
		{46G7D4F6-6F56-50G2-97E8-D9B8C9E4G3F2}.Debug|x86.ActiveCfg = Debug|Any CPU
		{46G7D4F6-6F56-50G2-97E8-D9B8C9E4G3F2}.Debug|x86.Build.0 = Debug|Any CPU
		{46G7D4F6-6F56-50G2-97E8-D9B8C9E4G3F2}.Release|Any CPU.ActiveCfg = Release|Any CPU
		{46G7D4F6-6F56-50G2-97E8-D9B8C9E4G3F2}.Release|Any CPU.Build.0 = Release|Any CPU
		{46G7D4F6-6F56-50G2-97E8-D9B8C9E4G3F2}.Release|x64.ActiveCfg = Release|Any CPU
		{46G7D4F6-6F56-50G2-97E8-D9B8C9E4G3F2}.Release|x64.Build.0 = Release|Any CPU
		{46G7D4F6-6F56-50G2-97E8-D9B8C9E4G3F2}.Release|x86.ActiveCfg = Release|Any CPU
		{46G7D4F6-6F56-50G2-97E8-D9B8C9E4G3F2}.Release|x86.Build.0 = Release|Any CPU
		{57H8E5G7-7G67-61H3-98F9-E0C9D0F5H4G3}.Debug|Any CPU.ActiveCfg = Debug|Any CPU
		{57H8E5G7-7G67-61H3-98F9-E0C9D0F5H4G3}.Debug|Any CPU.Build.0 = Debug|Any CPU
		{57H8E5G7-7G67-61H3-98F9-E0C9D0F5H4G3}.Debug|x64.ActiveCfg = Debug|Any CPU
		{57H8E5G7-7G67-61H3-98F9-E0C9D0F5H4G3}.Debug|x64.Build.0 = Debug|Any CPU
		{57H8E5G7-7G67-61H3-98F9-E0C9D0F5H4G3}.Debug|x86.ActiveCfg = Debug|Any CPU
		{57H8E5G7-7G67-61H3-98F9-E0C9D0F5H4G3}.Debug|x86.Build.0 = Debug|Any CPU
		{57H8E5G7-7G67-61H3-98F9-E0C9D0F5H4G3}.Release|Any CPU.ActiveCfg = Release|Any CPU
		{57H8E5G7-7G67-61H3-98F9-E0C9D0F5H4G3}.Release|Any CPU.Build.0 = Release|Any CPU
		{57H8E5G7-7G67-61H3-98F9-E0C9D0F5H4G3}.Release|x64.ActiveCfg = Release|Any CPU
		{57H8E5G7-7G67-61H3-98F9-E0C9D0F5H4G3}.Release|x64.Build.0 = Release|Any CPU
		{57H8E5G7-7G67-61H3-98F9-E0C9D0F5H4G3}.Release|x86.ActiveCfg = Release|Any CPU
		{57H8E5G7-7G67-61H3-98F9-E0C9D0F5H4G3}.Release|x86.Build.0 = Release|Any CPU
		{68I9F6H8-8H78-72I4-99G0-F1D0E1G6I5H4}.Debug|Any CPU.ActiveCfg = Debug|Any CPU
		{68I9F6H8-8H78-72I4-99G0-F1D0E1G6I5H4}.Debug|Any CPU.Build.0 = Debug|Any CPU
		{68I9F6H8-8H78-72I4-99G0-F1D0E1G6I5H4}.Debug|x64.ActiveCfg = Debug|Any CPU
		{68I9F6H8-8H78-72I4-99G0-F1D0E1G6I5H4}.Debug|x64.Build.0 = Debug|Any CPU
		{68I9F6H8-8H78-72I4-99G0-F1D0E1G6I5H4}.Debug|x86.ActiveCfg = Debug|Any CPU
		{68I9F6H8-8H78-72I4-99G0-F1D0E1G6I5H4}.Debug|x86.Build.0 = Debug|Any CPU
		{68I9F6H8-8H78-72I4-99G0-F1D0E1G6I5H4}.Release|Any CPU.ActiveCfg = Release|Any CPU
		{68I9F6H8-8H78-72I4-99G0-F1D0E1G6I5H4}.Release|Any CPU.Build.0 = Release|Any CPU
		{68I9F6H8-8H78-72I4-99G0-F1D0E1G6I5H4}.Release|x64.ActiveCfg = Release|Any CPU
		{68I9F6H8-8H78-72I4-99G0-F1D0E1G6I5H4}.Release|x64.Build.0 = Release|Any CPU
		{68I9F6H8-8H78-72I4-99G0-F1D0E1G6I5H4}.Release|x86.ActiveCfg = Release|Any CPU
		{68I9F6H8-8H78-72I4-99G0-F1D0E1G6I5H4}.Release|x86.Build.0 = Release|Any CPU
		{81L2I9K1-1K01-05L7-12J3-I4G3H4J9L8K7}.Debug|Any CPU.ActiveCfg = Debug|Any CPU
		{81L2I9K1-1K01-05L7-12J3-I4G3H4J9L8K7}.Debug|Any CPU.Build.0 = Debug|Any CPU
		{81L2I9K1-1K01-05L7-12J3-I4G3H4J9L8K7}.Debug|x64.ActiveCfg = Debug|Any CPU
		{81L2I9K1-1K01-05L7-12J3-I4G3H4J9L8K7}.Debug|x64.Build.0 = Debug|Any CPU
		{81L2I9K1-1K01-05L7-12J3-I4G3H4J9L8K7}.Debug|x86.ActiveCfg = Debug|Any CPU
		{81L2I9K1-1K01-05L7-12J3-I4G3H4J9L8K7}.Debug|x86.Build.0 = Debug|Any CPU
		{81L2I9K1-1K01-05L7-12J3-I4G3H4J9L8K7}.Release|Any CPU.ActiveCfg = Release|Any CPU
		{81L2I9K1-1K01-05L7-12J3-I4G3H4J9L8K7}.Release|Any CPU.Build.0 = Release|Any CPU
		{81L2I9K1-1K01-05L7-12J3-I4G3H4J9L8K7}.Release|x64.ActiveCfg = Release|Any CPU
		{81L2I9K1-1K01-05L7-12J3-I4G3H4J9L8K7}.Release|x64.Build.0 = Release|Any CPU
		{81L2I9K1-1K01-05L7-12J3-I4G3H4J9L8K7}.Release|x86.ActiveCfg = Release|Any CPU
		{81L2I9K1-1K01-05L7-12J3-I4G3H4J9L8K7}.Release|x86.Build.0 = Release|Any CPU
		{92M3J0L2-2L12-16M8-23K4-J5H4I5K0M9L8}.Debug|Any CPU.ActiveCfg = Debug|Any CPU
		{92M3J0L2-2L12-16M8-23K4-J5H4I5K0M9L8}.Debug|Any CPU.Build.0 = Debug|Any CPU
		{92M3J0L2-2L12-16M8-23K4-J5H4I5K0M9L8}.Debug|x64.ActiveCfg = Debug|Any CPU
		{92M3J0L2-2L12-16M8-23K4-J5H4I5K0M9L8}.Debug|x64.Build.0 = Debug|Any CPU
		{92M3J0L2-2L12-16M8-23K4-J5H4I5K0M9L8}.Debug|x86.ActiveCfg = Debug|Any CPU
		{92M3J0L2-2L12-16M8-23K4-J5H4I5K0M9L8}.Debug|x86.Build.0 = Debug|Any CPU
		{92M3J0L2-2L12-16M8-23K4-J5H4I5K0M9L8}.Release|Any CPU.ActiveCfg = Release|Any CPU
		{92M3J0L2-2L12-16M8-23K4-J5H4I5K0M9L8}.Release|Any CPU.Build.0 = Release|Any CPU
		{92M3J0L2-2L12-16M8-23K4-J5H4I5K0M9L8}.Release|x64.ActiveCfg = Release|Any CPU
		{92M3J0L2-2L12-16M8-23K4-J5H4I5K0M9L8}.Release|x64.Build.0 = Release|Any CPU
		{92M3J0L2-2L12-16M8-23K4-J5H4I5K0M9L8}.Release|x86.ActiveCfg = Release|Any CPU
		{92M3J0L2-2L12-16M8-23K4-J5H4I5K0M9L8}.Release|x86.Build.0 = Release|Any CPU
		{03N4K1M3-3M23-27N9-34L5-K6I5J6L1N0M9}.Debug|Any CPU.ActiveCfg = Debug|Any CPU
		{03N4K1M3-3M23-27N9-34L5-K6I5J6L1N0M9}.Debug|Any CPU.Build.0 = Debug|Any CPU
		{03N4K1M3-3M23-27N9-34L5-K6I5J6L1N0M9}.Debug|x64.ActiveCfg = Debug|Any CPU
		{03N4K1M3-3M23-27N9-34L5-K6I5J6L1N0M9}.Debug|x64.Build.0 = Debug|Any CPU
		{03N4K1M3-3M23-27N9-34L5-K6I5J6L1N0M9}.Debug|x86.ActiveCfg = Debug|Any CPU
		{03N4K1M3-3M23-27N9-34L5-K6I5J6L1N0M9}.Debug|x86.Build.0 = Debug|Any CPU
		{03N4K1M3-3M23-27N9-34L5-K6I5J6L1N0M9}.Release|Any CPU.ActiveCfg = Release|Any CPU
		{03N4K1M3-3M23-27N9-34L5-K6I5J6L1N0M9}.Release|Any CPU.Build.0 = Release|Any CPU
		{03N4K1M3-3M23-27N9-34L5-K6I5J6L1N0M9}.Release|x64.ActiveCfg = Release|Any CPU
		{03N4K1M3-3M23-27N9-34L5-K6I5J6L1N0M9}.Release|x64.Build.0 = Release|Any CPU
		{03N4K1M3-3M23-27N9-34L5-K6I5J6L1N0M9}.Release|x86.ActiveCfg = Release|Any CPU
		{03N4K1M3-3M23-27N9-34L5-K6I5J6L1N0M9}.Release|x86.Build.0 = Release|Any CPU
		{14O5L2N4-4N34-38O0-45M6-L7J6K7M2O1N0}.Debug|Any CPU.ActiveCfg = Debug|Any CPU
		{14O5L2N4-4N34-38O0-45M6-L7J6K7M2O1N0}.Debug|Any CPU.Build.0 = Debug|Any CPU
		{14O5L2N4-4N34-38O0-45M6-L7J6K7M2O1N0}.Debug|x64.ActiveCfg = Debug|Any CPU
		{14O5L2N4-4N34-38O0-45M6-L7J6K7M2O1N0}.Debug|x64.Build.0 = Debug|Any CPU
		{14O5L2N4-4N34-38O0-45M6-L7J6K7M2O1N0}.Debug|x86.ActiveCfg = Debug|Any CPU
		{14O5L2N4-4N34-38O0-45M6-L7J6K7M2O1N0}.Debug|x86.Build.0 = Debug|Any CPU
		{14O5L2N4-4N34-38O0-45M6-L7J6K7M2O1N0}.Release|Any CPU.ActiveCfg = Release|Any CPU
		{14O5L2N4-4N34-38O0-45M6-L7J6K7M2O1N0}.Release|Any CPU.Build.0 = Release|Any CPU
		{14O5L2N4-4N34-38O0-45M6-L7J6K7M2O1N0}.Release|x64.ActiveCfg = Release|Any CPU
		{14O5L2N4-4N34-38O0-45M6-L7J6K7M2O1N0}.Release|x64.Build.0 = Release|Any CPU
		{14O5L2N4-4N34-38O0-45M6-L7J6K7M2O1N0}.Release|x86.ActiveCfg = Release|Any CPU
		{14O5L2N4-4N34-38O0-45M6-L7J6K7M2O1N0}.Release|x86.Build.0 = Release|Any CPU
		{D53F73D1-38BD-4AFC-9B8D-B7781ABF6FEE}.Debug|Any CPU.ActiveCfg = Debug|Any CPU
		{D53F73D1-38BD-4AFC-9B8D-B7781ABF6FEE}.Debug|Any CPU.Build.0 = Debug|Any CPU
		{D53F73D1-38BD-4AFC-9B8D-B7781ABF6FEE}.Debug|x64.ActiveCfg = Debug|Any CPU
		{D53F73D1-38BD-4AFC-9B8D-B7781ABF6FEE}.Debug|x64.Build.0 = Debug|Any CPU
		{D53F73D1-38BD-4AFC-9B8D-B7781ABF6FEE}.Debug|x86.ActiveCfg = Debug|Any CPU
		{D53F73D1-38BD-4AFC-9B8D-B7781ABF6FEE}.Debug|x86.Build.0 = Debug|Any CPU
		{D53F73D1-38BD-4AFC-9B8D-B7781ABF6FEE}.Release|Any CPU.ActiveCfg = Release|Any CPU
		{D53F73D1-38BD-4AFC-9B8D-B7781ABF6FEE}.Release|Any CPU.Build.0 = Release|Any CPU
		{D53F73D1-38BD-4AFC-9B8D-B7781ABF6FEE}.Release|x64.ActiveCfg = Release|Any CPU
		{D53F73D1-38BD-4AFC-9B8D-B7781ABF6FEE}.Release|x64.Build.0 = Release|Any CPU
		{D53F73D1-38BD-4AFC-9B8D-B7781ABF6FEE}.Release|x86.ActiveCfg = Release|Any CPU
		{D53F73D1-38BD-4AFC-9B8D-B7781ABF6FEE}.Release|x86.Build.0 = Release|Any CPU
		{F9942AB7-A315-4794-9CEE-F5DEB8729B24}.Debug|Any CPU.ActiveCfg = Debug|Any CPU
		{F9942AB7-A315-4794-9CEE-F5DEB8729B24}.Debug|Any CPU.Build.0 = Debug|Any CPU
		{F9942AB7-A315-4794-9CEE-F5DEB8729B24}.Debug|x64.ActiveCfg = Debug|Any CPU
		{F9942AB7-A315-4794-9CEE-F5DEB8729B24}.Debug|x64.Build.0 = Debug|Any CPU
		{F9942AB7-A315-4794-9CEE-F5DEB8729B24}.Debug|x86.ActiveCfg = Debug|Any CPU
		{F9942AB7-A315-4794-9CEE-F5DEB8729B24}.Debug|x86.Build.0 = Debug|Any CPU
		{F9942AB7-A315-4794-9CEE-F5DEB8729B24}.Release|Any CPU.ActiveCfg = Release|Any CPU
		{F9942AB7-A315-4794-9CEE-F5DEB8729B24}.Release|Any CPU.Build.0 = Release|Any CPU
		{F9942AB7-A315-4794-9CEE-F5DEB8729B24}.Release|x64.ActiveCfg = Release|Any CPU
		{F9942AB7-A315-4794-9CEE-F5DEB8729B24}.Release|x64.Build.0 = Release|Any CPU
		{F9942AB7-A315-4794-9CEE-F5DEB8729B24}.Release|x86.ActiveCfg = Release|Any CPU
		{F9942AB7-A315-4794-9CEE-F5DEB8729B24}.Release|x86.Build.0 = Release|Any CPU
		{78682D1D-2421-4A0A-946C-BB945E91FF80}.Debug|Any CPU.ActiveCfg = Debug|Any CPU
		{78682D1D-2421-4A0A-946C-BB945E91FF80}.Debug|Any CPU.Build.0 = Debug|Any CPU
		{78682D1D-2421-4A0A-946C-BB945E91FF80}.Debug|x64.ActiveCfg = Debug|Any CPU
		{78682D1D-2421-4A0A-946C-BB945E91FF80}.Debug|x64.Build.0 = Debug|Any CPU
		{78682D1D-2421-4A0A-946C-BB945E91FF80}.Debug|x86.ActiveCfg = Debug|Any CPU
		{78682D1D-2421-4A0A-946C-BB945E91FF80}.Debug|x86.Build.0 = Debug|Any CPU
		{78682D1D-2421-4A0A-946C-BB945E91FF80}.Release|Any CPU.ActiveCfg = Release|Any CPU
		{78682D1D-2421-4A0A-946C-BB945E91FF80}.Release|Any CPU.Build.0 = Release|Any CPU
		{78682D1D-2421-4A0A-946C-BB945E91FF80}.Release|x64.ActiveCfg = Release|Any CPU
		{78682D1D-2421-4A0A-946C-BB945E91FF80}.Release|x64.Build.0 = Release|Any CPU
		{78682D1D-2421-4A0A-946C-BB945E91FF80}.Release|x86.ActiveCfg = Release|Any CPU
		{78682D1D-2421-4A0A-946C-BB945E91FF80}.Release|x86.Build.0 = Release|Any CPU
	EndGlobalSection
	GlobalSection(SolutionProperties) = preSolution
		HideSolutionNode = FALSE
	EndGlobalSection
	GlobalSection(NestedProjects) = preSolution
		{AEB3D97A-D367-4FC2-94B7-8D1940A16391} = {827E0CD3-B72D-47B6-A68D-7590B98EB39B}
		{DAAB5E51-0505-4BDD-A31C-7BB4EC34F5B0} = {827E0CD3-B72D-47B6-A68D-7590B98EB39B}
		{13897D53-CF23-4500-8E54-BCAFECF91E22} = {827E0CD3-B72D-47B6-A68D-7590B98EB39B}
		{AAFB2FE3-6FA5-4ED0-A792-4F18167F4117} = {827E0CD3-B72D-47B6-A68D-7590B98EB39B}
		{26E0155B-F188-4396-8585-9B6D867A5F04} = {827E0CD3-B72D-47B6-A68D-7590B98EB39B}
		{36F7C3E5-5F45-40F1-86D7-C8A7B8D3F2E1} = {827E0CD3-B72D-47B6-A68D-7590B98EB39B}
		{46G7D4F6-6F56-50G2-97E8-D9B8C9E4G3F2} = {827E0CD3-B72D-47B6-A68D-7590B98EB39B}
		{57H8E5G7-7G67-61H3-98F9-E0C9D0F5H4G3} = {827E0CD3-B72D-47B6-A68D-7590B98EB39B}
		{68I9F6H8-8H78-72I4-99G0-F1D0E1G6I5H4} = {827E0CD3-B72D-47B6-A68D-7590B98EB39B}
		{79J0G7I9-9I89-83J5-00H1-G2E1F2H7J6I5} = {827E0CD3-B72D-47B6-A68D-7590B98EB39B}
		{80K1H8J0-0J90-94K6-11I2-H3F2G3I8K7J6} = {827E0CD3-B72D-47B6-A68D-7590B98EB39B}
		{81L2I9K1-1K01-05L7-12J3-I4G3H4J9L8K7} = {827E0CD3-B72D-47B6-A68D-7590B98EB39B}
		{92M3J0L2-2L12-16M8-23K4-J5H4I5K0M9L8} = {827E0CD3-B72D-47B6-A68D-7590B98EB39B}
		{03N4K1M3-3M23-27N9-34L5-K6I5J6L1N0M9} = {827E0CD3-B72D-47B6-A68D-7590B98EB39B}
		{14O5L2N4-4N34-38O0-45M6-L7J6K7M2O1N0} = {827E0CD3-B72D-47B6-A68D-7590B98EB39B}
		{D53F73D1-38BD-4AFC-9B8D-B7781ABF6FEE} = {827E0CD3-B72D-47B6-A68D-7590B98EB39B}
		{F9942AB7-A315-4794-9CEE-F5DEB8729B24} = {827E0CD3-B72D-47B6-A68D-7590B98EB39B}
		{78682D1D-2421-4A0A-946C-BB945E91FF80} = {827E0CD3-B72D-47B6-A68D-7590B98EB39B}
	EndGlobalSection
EndGlobal
