
Microsoft Visual Studio Solution File, Format Version 12.00
# Visual Studio Version 17
VisualStudioVersion = 17.0.31903.59
MinimumVisualStudioVersion = 10.0.40219.1
Project("{2150E333-8FDC-42A3-9474-1A3956D46DE8}") = "src", "src", "{827E0CD3-B72D-47B6-A68D-7590B98EB39B}"
EndProject
Project("{FAE04EC0-301F-11D3-BF4B-00C04F79EFBC}") = "HospitalityPlatform.Api", "src\HospitalityPlatform.Api\HospitalityPlatform.Api.csproj", "{AEB3D97A-D367-4FC2-94B7-8D1940A16391}"
EndProject
Project("{FAE04EC0-301F-11D3-BF4B-00C04F79EFBC}") = "HospitalityPlatform.Core", "src\HospitalityPlatform.Core\HospitalityPlatform.Core.csproj", "{DAAB5E51-0505-4BDD-A31C-7BB4EC34F5B0}"
EndProject
Project("{FAE04EC0-301F-11D3-BF4B-00C04F79EFBC}") = "HospitalityPlatform.Auth", "src\HospitalityPlatform.Auth\HospitalityPlatform.Auth.csproj", "{13897D53-CF23-4500-8E54-BCAFECF91E22}"
EndProject
Project("{FAE04EC0-301F-11D3-BF4B-00C04F79EFBC}") = "HospitalityPlatform.Identity", "src\HospitalityPlatform.Identity\HospitalityPlatform.Identity.csproj", "{AAFB2FE3-6FA5-4ED0-A792-4F18167F4117}"
EndProject
Project("{FAE04EC0-301F-11D3-BF4B-00C04F79EFBC}") = "HospitalityPlatform.Audit", "src\HospitalityPlatform.Audit\HospitalityPlatform.Audit.csproj", "{26E0155B-F188-4396-8585-9B6D867A5F04}"
EndProject
Project("{FAE04EC0-301F-11D3-BF4B-00C04F79EFBC}") = "HospitalityPlatform.Jobs", "src\HospitalityPlatform.Jobs\HospitalityPlatform.Jobs.csproj", "{36F7C3E5-5F45-40F1-86D7-C8A7B8D3F2E1}"
EndProject
Project("{FAE04EC0-301F-11D3-BF4B-00C04F79EFBC}") = "HospitalityPlatform.Database", "src\HospitalityPlatform.Database\HospitalityPlatform.Database.csproj", "{84C70046-2FBE-3A4D-90B8-EEC7BFFE933F}"
EndProject
Project("{FAE04EC0-301F-11D3-BF4B-00C04F79EFBC}") = "HospitalityPlatform.Billing", "src\HospitalityPlatform.Billing\HospitalityPlatform.Billing.csproj", "{54BFF5AE-3516-1440-5AFF-21FCB85F0C3A}"
EndProject
Project("{FAE04EC0-301F-11D3-BF4B-00C04F79EFBC}") = "HospitalityPlatform.Entitlements", "src\HospitalityPlatform.Entitlements\HospitalityPlatform.Entitlements.csproj", "{3C8E8A20-D1A6-7F55-3BED-D39C0B236B9D}"
EndProject
Project("{FAE04EC0-301F-11D3-BF4B-00C04F79EFBC}") = "HospitalityPlatform.Billing.Tests", "src\HospitalityPlatform.Billing.Tests\HospitalityPlatform.Billing.Tests.csproj", "{B92243A7-8726-A210-6B33-CB0B9C5A25C9}"
EndProject
Project("{FAE04EC0-301F-11D3-BF4B-00C04F79EFBC}") = "HospitalityPlatform.Entitlements.Tests", "src\HospitalityPlatform.Entitlements.Tests\HospitalityPlatform.Entitlements.Tests.csproj", "{261E3035-B426-0F7A-FED6-159CAB116514}"
EndProject
Project("{FAE04EC0-301F-11D3-BF4B-00C04F79EFBC}") = "HospitalityPlatform.Messaging", "src\HospitalityPlatform.Messaging\HospitalityPlatform.Messaging.csproj", "{C67B5795-769E-7729-0A85-9979769C7884}"
EndProject
Project("{FAE04EC0-301F-11D3-BF4B-00C04F79EFBC}") = "HospitalityPlatform.Documents", "src\HospitalityPlatform.Documents\HospitalityPlatform.Documents.csproj", "{331777A9-3D9B-BA90-D8D6-2FACC14DA76C}"
EndProject
Project("{FAE04EC0-301F-11D3-BF4B-00C04F79EFBC}") = "HospitalityPlatform.Messaging.Tests", "src\HospitalityPlatform.Messaging.Tests\HospitalityPlatform.Messaging.Tests.csproj", "{D64A95D9-7F34-A2DC-6309-A071696E496C}"
EndProject
Project("{FAE04EC0-301F-11D3-BF4B-00C04F79EFBC}") = "HospitalityPlatform.Documents.Tests", "src\HospitalityPlatform.Documents.Tests\HospitalityPlatform.Documents.Tests.csproj", "{FFB1E001-7DC7-1794-056F-6CFFE2FC3CEA}"
EndProject
Project("{FAE04EC0-301F-11D3-BF4B-00C04F79EFBC}") = "HospitalityPlatform.Waitlist", "src\HospitalityPlatform.Waitlist\HospitalityPlatform.Waitlist.csproj", "{D53F73D1-38BD-4AFC-9B8D-B7781ABF6FEE}"
EndProject
Project("{FAE04EC0-301F-11D3-BF4B-00C04F79EFBC}") = "HospitalityPlatform.Identity.Tests", "src\HospitalityPlatform.Identity.Tests\HospitalityPlatform.Identity.Tests.csproj", "{F9942AB7-A315-4794-9CEE-F5DEB8729B24}"
EndProject
Project("{FAE04EC0-301F-11D3-BF4B-00C04F79EFBC}") = "HospitalityPlatform.Ratings", "src\HospitalityPlatform.Ratings\HospitalityPlatform.Ratings.csproj", "{78682D1D-2421-4A0A-946C-BB945E91FF80}"
EndProject
Project("{2150E333-8FDC-42A3-9474-1A3956D46DE8}") = "tests", "tests", "{0AB3BF05-4346-4AA6-1389-037BE0695223}"
EndProject
Project("{FAE04EC0-301F-11D3-BF4B-00C04F79EFBC}") = "HospitalityPlatform.Jobs.Tests", "tests\HospitalityPlatform.Jobs.Tests\HospitalityPlatform.Jobs.Tests.csproj", "{DFAD57BA-5A9A-470D-8498-D8C209B33414}"
EndProject
Project("{FAE04EC0-301F-11D3-BF4B-00C04F79EFBC}") = "HospitalityPlatform.Candidates", "src\HospitalityPlatform.Candidates\HospitalityPlatform.Candidates.csproj", "{0F5DA023-DB01-46BC-87C5-A33943E93857}"
EndProject
Global
	GlobalSection(SolutionConfigurationPlatforms) = preSolution
		Debug|Any CPU = Debug|Any CPU
		Debug|x64 = Debug|x64
		Debug|x86 = Debug|x86
		Release|Any CPU = Release|Any CPU
		Release|x64 = Release|x64
		Release|x86 = Release|x86
	EndGlobalSection
	GlobalSection(ProjectConfigurationPlatforms) = postSolution
		{AEB3D97A-D367-4FC2-94B7-8D1940A16391}.Debug|Any CPU.ActiveCfg = Debug|Any CPU
		{AEB3D97A-D367-4FC2-94B7-8D1940A16391}.Debug|Any CPU.Build.0 = Debug|Any CPU
		{AEB3D97A-D367-4FC2-94B7-8D1940A16391}.Debug|x64.ActiveCfg = Debug|Any CPU
		{AEB3D97A-D367-4FC2-94B7-8D1940A16391}.Debug|x64.Build.0 = Debug|Any CPU
		{AEB3D97A-D367-4FC2-94B7-8D1940A16391}.Debug|x86.ActiveCfg = Debug|Any CPU
		{AEB3D97A-D367-4FC2-94B7-8D1940A16391}.Debug|x86.Build.0 = Debug|Any CPU
		{AEB3D97A-D367-4FC2-94B7-8D1940A16391}.Release|Any CPU.ActiveCfg = Release|Any CPU
		{AEB3D97A-D367-4FC2-94B7-8D1940A16391}.Release|Any CPU.Build.0 = Release|Any CPU
		{AEB3D97A-D367-4FC2-94B7-8D1940A16391}.Release|x64.ActiveCfg = Release|Any CPU
		{AEB3D97A-D367-4FC2-94B7-8D1940A16391}.Release|x64.Build.0 = Release|Any CPU
		{AEB3D97A-D367-4FC2-94B7-8D1940A16391}.Release|x86.ActiveCfg = Release|Any CPU
		{AEB3D97A-D367-4FC2-94B7-8D1940A16391}.Release|x86.Build.0 = Release|Any CPU
		{DAAB5E51-0505-4BDD-A31C-7BB4EC34F5B0}.Debug|Any CPU.ActiveCfg = Debug|Any CPU
		{DAAB5E51-0505-4BDD-A31C-7BB4EC34F5B0}.Debug|Any CPU.Build.0 = Debug|Any CPU
		{DAAB5E51-0505-4BDD-A31C-7BB4EC34F5B0}.Debug|x64.ActiveCfg = Debug|Any CPU
		{DAAB5E51-0505-4BDD-A31C-7BB4EC34F5B0}.Debug|x64.Build.0 = Debug|Any CPU
		{DAAB5E51-0505-4BDD-A31C-7BB4EC34F5B0}.Debug|x86.ActiveCfg = Debug|Any CPU
		{DAAB5E51-0505-4BDD-A31C-7BB4EC34F5B0}.Debug|x86.Build.0 = Debug|Any CPU
		{DAAB5E51-0505-4BDD-A31C-7BB4EC34F5B0}.Release|Any CPU.ActiveCfg = Release|Any CPU
		{DAAB5E51-0505-4BDD-A31C-7BB4EC34F5B0}.Release|Any CPU.Build.0 = Release|Any CPU
		{DAAB5E51-0505-4BDD-A31C-7BB4EC34F5B0}.Release|x64.ActiveCfg = Release|Any CPU
		{DAAB5E51-0505-4BDD-A31C-7BB4EC34F5B0}.Release|x64.Build.0 = Release|Any CPU
		{DAAB5E51-0505-4BDD-A31C-7BB4EC34F5B0}.Release|x86.ActiveCfg = Release|Any CPU
		{DAAB5E51-0505-4BDD-A31C-7BB4EC34F5B0}.Release|x86.Build.0 = Release|Any CPU
		{13897D53-CF23-4500-8E54-BCAFECF91E22}.Debug|Any CPU.ActiveCfg = Debug|Any CPU
		{13897D53-CF23-4500-8E54-BCAFECF91E22}.Debug|Any CPU.Build.0 = Debug|Any CPU
		{13897D53-CF23-4500-8E54-BCAFECF91E22}.Debug|x64.ActiveCfg = Debug|Any CPU
		{13897D53-CF23-4500-8E54-BCAFECF91E22}.Debug|x64.Build.0 = Debug|Any CPU
		{13897D53-CF23-4500-8E54-BCAFECF91E22}.Debug|x86.ActiveCfg = Debug|Any CPU
		{13897D53-CF23-4500-8E54-BCAFECF91E22}.Debug|x86.Build.0 = Debug|Any CPU
		{13897D53-CF23-4500-8E54-BCAFECF91E22}.Release|Any CPU.ActiveCfg = Release|Any CPU
		{13897D53-CF23-4500-8E54-BCAFECF91E22}.Release|Any CPU.Build.0 = Release|Any CPU
		{13897D53-CF23-4500-8E54-BCAFECF91E22}.Release|x64.ActiveCfg = Release|Any CPU
		{13897D53-CF23-4500-8E54-BCAFECF91E22}.Release|x64.Build.0 = Release|Any CPU
		{13897D53-CF23-4500-8E54-BCAFECF91E22}.Release|x86.ActiveCfg = Release|Any CPU
		{13897D53-CF23-4500-8E54-BCAFECF91E22}.Release|x86.Build.0 = Release|Any CPU
		{AAFB2FE3-6FA5-4ED0-A792-4F18167F4117}.Debug|Any CPU.ActiveCfg = Debug|Any CPU
		{AAFB2FE3-6FA5-4ED0-A792-4F18167F4117}.Debug|Any CPU.Build.0 = Debug|Any CPU
		{AAFB2FE3-6FA5-4ED0-A792-4F18167F4117}.Debug|x64.ActiveCfg = Debug|Any CPU
		{AAFB2FE3-6FA5-4ED0-A792-4F18167F4117}.Debug|x64.Build.0 = Debug|Any CPU
		{AAFB2FE3-6FA5-4ED0-A792-4F18167F4117}.Debug|x86.ActiveCfg = Debug|Any CPU
		{AAFB2FE3-6FA5-4ED0-A792-4F18167F4117}.Debug|x86.Build.0 = Debug|Any CPU
		{AAFB2FE3-6FA5-4ED0-A792-4F18167F4117}.Release|Any CPU.ActiveCfg = Release|Any CPU
		{AAFB2FE3-6FA5-4ED0-A792-4F18167F4117}.Release|Any CPU.Build.0 = Release|Any CPU
		{AAFB2FE3-6FA5-4ED0-A792-4F18167F4117}.Release|x64.ActiveCfg = Release|Any CPU
		{AAFB2FE3-6FA5-4ED0-A792-4F18167F4117}.Release|x64.Build.0 = Release|Any CPU
		{AAFB2FE3-6FA5-4ED0-A792-4F18167F4117}.Release|x86.ActiveCfg = Release|Any CPU
		{AAFB2FE3-6FA5-4ED0-A792-4F18167F4117}.Release|x86.Build.0 = Release|Any CPU
		{26E0155B-F188-4396-8585-9B6D867A5F04}.Debug|Any CPU.ActiveCfg = Debug|Any CPU
		{26E0155B-F188-4396-8585-9B6D867A5F04}.Debug|Any CPU.Build.0 = Debug|Any CPU
		{26E0155B-F188-4396-8585-9B6D867A5F04}.Debug|x64.ActiveCfg = Debug|Any CPU
		{26E0155B-F188-4396-8585-9B6D867A5F04}.Debug|x64.Build.0 = Debug|Any CPU
		{26E0155B-F188-4396-8585-9B6D867A5F04}.Debug|x86.ActiveCfg = Debug|Any CPU
		{26E0155B-F188-4396-8585-9B6D867A5F04}.Debug|x86.Build.0 = Debug|Any CPU
		{26E0155B-F188-4396-8585-9B6D867A5F04}.Release|Any CPU.ActiveCfg = Release|Any CPU
		{26E0155B-F188-4396-8585-9B6D867A5F04}.Release|Any CPU.Build.0 = Release|Any CPU
		{26E0155B-F188-4396-8585-9B6D867A5F04}.Release|x64.ActiveCfg = Release|Any CPU
		{26E0155B-F188-4396-8585-9B6D867A5F04}.Release|x64.Build.0 = Release|Any CPU
		{26E0155B-F188-4396-8585-9B6D867A5F04}.Release|x86.ActiveCfg = Release|Any CPU
		{26E0155B-F188-4396-8585-9B6D867A5F04}.Release|x86.Build.0 = Release|Any CPU
		{36F7C3E5-5F45-40F1-86D7-C8A7B8D3F2E1}.Debug|Any CPU.ActiveCfg = Debug|Any CPU
		{36F7C3E5-5F45-40F1-86D7-C8A7B8D3F2E1}.Debug|Any CPU.Build.0 = Debug|Any CPU
		{36F7C3E5-5F45-40F1-86D7-C8A7B8D3F2E1}.Debug|x64.ActiveCfg = Debug|Any CPU
		{36F7C3E5-5F45-40F1-86D7-C8A7B8D3F2E1}.Debug|x64.Build.0 = Debug|Any CPU
		{36F7C3E5-5F45-40F1-86D7-C8A7B8D3F2E1}.Debug|x86.ActiveCfg = Debug|Any CPU
		{36F7C3E5-5F45-40F1-86D7-C8A7B8D3F2E1}.Debug|x86.Build.0 = Debug|Any CPU
		{36F7C3E5-5F45-40F1-86D7-C8A7B8D3F2E1}.Release|Any CPU.ActiveCfg = Release|Any CPU
		{36F7C3E5-5F45-40F1-86D7-C8A7B8D3F2E1}.Release|Any CPU.Build.0 = Release|Any CPU
		{36F7C3E5-5F45-40F1-86D7-C8A7B8D3F2E1}.Release|x64.ActiveCfg = Release|Any CPU
		{36F7C3E5-5F45-40F1-86D7-C8A7B8D3F2E1}.Release|x64.Build.0 = Release|Any CPU
		{36F7C3E5-5F45-40F1-86D7-C8A7B8D3F2E1}.Release|x86.ActiveCfg = Release|Any CPU
		{36F7C3E5-5F45-40F1-86D7-C8A7B8D3F2E1}.Release|x86.Build.0 = Release|Any CPU
		{D53F73D1-38BD-4AFC-9B8D-B7781ABF6FEE}.Debug|Any CPU.ActiveCfg = Debug|Any CPU
		{D53F73D1-38BD-4AFC-9B8D-B7781ABF6FEE}.Debug|Any CPU.Build.0 = Debug|Any CPU
		{D53F73D1-38BD-4AFC-9B8D-B7781ABF6FEE}.Debug|x64.ActiveCfg = Debug|Any CPU
		{D53F73D1-38BD-4AFC-9B8D-B7781ABF6FEE}.Debug|x64.Build.0 = Debug|Any CPU
		{D53F73D1-38BD-4AFC-9B8D-B7781ABF6FEE}.Debug|x86.ActiveCfg = Debug|Any CPU
		{D53F73D1-38BD-4AFC-9B8D-B7781ABF6FEE}.Debug|x86.Build.0 = Debug|Any CPU
		{D53F73D1-38BD-4AFC-9B8D-B7781ABF6FEE}.Release|Any CPU.ActiveCfg = Release|Any CPU
		{D53F73D1-38BD-4AFC-9B8D-B7781ABF6FEE}.Release|Any CPU.Build.0 = Release|Any CPU
		{D53F73D1-38BD-4AFC-9B8D-B7781ABF6FEE}.Release|x64.ActiveCfg = Release|Any CPU
		{D53F73D1-38BD-4AFC-9B8D-B7781ABF6FEE}.Release|x64.Build.0 = Release|Any CPU
		{D53F73D1-38BD-4AFC-9B8D-B7781ABF6FEE}.Release|x86.ActiveCfg = Release|Any CPU
		{D53F73D1-38BD-4AFC-9B8D-B7781ABF6FEE}.Release|x86.Build.0 = Release|Any CPU
		{F9942AB7-A315-4794-9CEE-F5DEB8729B24}.Debug|Any CPU.ActiveCfg = Debug|Any CPU
		{F9942AB7-A315-4794-9CEE-F5DEB8729B24}.Debug|Any CPU.Build.0 = Debug|Any CPU
		{F9942AB7-A315-4794-9CEE-F5DEB8729B24}.Debug|x64.ActiveCfg = Debug|Any CPU
		{F9942AB7-A315-4794-9CEE-F5DEB8729B24}.Debug|x64.Build.0 = Debug|Any CPU
		{F9942AB7-A315-4794-9CEE-F5DEB8729B24}.Debug|x86.ActiveCfg = Debug|Any CPU
		{F9942AB7-A315-4794-9CEE-F5DEB8729B24}.Debug|x86.Build.0 = Debug|Any CPU
		{F9942AB7-A315-4794-9CEE-F5DEB8729B24}.Release|Any CPU.ActiveCfg = Release|Any CPU
		{F9942AB7-A315-4794-9CEE-F5DEB8729B24}.Release|Any CPU.Build.0 = Release|Any CPU
		{F9942AB7-A315-4794-9CEE-F5DEB8729B24}.Release|x64.ActiveCfg = Release|Any CPU
		{F9942AB7-A315-4794-9CEE-F5DEB8729B24}.Release|x64.Build.0 = Release|Any CPU
		{F9942AB7-A315-4794-9CEE-F5DEB8729B24}.Release|x86.ActiveCfg = Release|Any CPU
		{F9942AB7-A315-4794-9CEE-F5DEB8729B24}.Release|x86.Build.0 = Release|Any CPU
		{78682D1D-2421-4A0A-946C-BB945E91FF80}.Debug|Any CPU.ActiveCfg = Debug|Any CPU
		{78682D1D-2421-4A0A-946C-BB945E91FF80}.Debug|Any CPU.Build.0 = Debug|Any CPU
		{78682D1D-2421-4A0A-946C-BB945E91FF80}.Debug|x64.ActiveCfg = Debug|Any CPU
		{78682D1D-2421-4A0A-946C-BB945E91FF80}.Debug|x64.Build.0 = Debug|Any CPU
		{78682D1D-2421-4A0A-946C-BB945E91FF80}.Debug|x86.ActiveCfg = Debug|Any CPU
		{78682D1D-2421-4A0A-946C-BB945E91FF80}.Debug|x86.Build.0 = Debug|Any CPU
		{78682D1D-2421-4A0A-946C-BB945E91FF80}.Release|Any CPU.ActiveCfg = Release|Any CPU
		{78682D1D-2421-4A0A-946C-BB945E91FF80}.Release|Any CPU.Build.0 = Release|Any CPU
		{78682D1D-2421-4A0A-946C-BB945E91FF80}.Release|x64.ActiveCfg = Release|Any CPU
		{78682D1D-2421-4A0A-946C-BB945E91FF80}.Release|x64.Build.0 = Release|Any CPU
		{78682D1D-2421-4A0A-946C-BB945E91FF80}.Release|x86.ActiveCfg = Release|Any CPU
		{78682D1D-2421-4A0A-946C-BB945E91FF80}.Release|x86.Build.0 = Release|Any CPU
		{DFAD57BA-5A9A-470D-8498-D8C209B33414}.Debug|Any CPU.ActiveCfg = Debug|Any CPU
		{DFAD57BA-5A9A-470D-8498-D8C209B33414}.Debug|Any CPU.Build.0 = Debug|Any CPU
		{DFAD57BA-5A9A-470D-8498-D8C209B33414}.Debug|x64.ActiveCfg = Debug|Any CPU
		{DFAD57BA-5A9A-470D-8498-D8C209B33414}.Debug|x64.Build.0 = Debug|Any CPU
		{DFAD57BA-5A9A-470D-8498-D8C209B33414}.Debug|x86.ActiveCfg = Debug|Any CPU
		{DFAD57BA-5A9A-470D-8498-D8C209B33414}.Debug|x86.Build.0 = Debug|Any CPU
		{DFAD57BA-5A9A-470D-8498-D8C209B33414}.Release|Any CPU.ActiveCfg = Release|Any CPU
		{DFAD57BA-5A9A-470D-8498-D8C209B33414}.Release|Any CPU.Build.0 = Release|Any CPU
		{DFAD57BA-5A9A-470D-8498-D8C209B33414}.Release|x64.ActiveCfg = Release|Any CPU
		{DFAD57BA-5A9A-470D-8498-D8C209B33414}.Release|x64.Build.0 = Release|Any CPU
		{DFAD57BA-5A9A-470D-8498-D8C209B33414}.Release|x86.ActiveCfg = Release|Any CPU
		{DFAD57BA-5A9A-470D-8498-D8C209B33414}.Release|x86.Build.0 = Release|Any CPU
		{0F5DA023-DB01-46BC-87C5-A33943E93857}.Debug|Any CPU.ActiveCfg = Debug|Any CPU
		{0F5DA023-DB01-46BC-87C5-A33943E93857}.Debug|Any CPU.Build.0 = Debug|Any CPU
		{0F5DA023-DB01-46BC-87C5-A33943E93857}.Debug|x64.ActiveCfg = Debug|Any CPU
		{0F5DA023-DB01-46BC-87C5-A33943E93857}.Debug|x64.Build.0 = Debug|Any CPU
		{0F5DA023-DB01-46BC-87C5-A33943E93857}.Debug|x86.ActiveCfg = Debug|Any CPU
		{0F5DA023-DB01-46BC-87C5-A33943E93857}.Debug|x86.Build.0 = Debug|Any CPU
		{0F5DA023-DB01-46BC-87C5-A33943E93857}.Release|Any CPU.ActiveCfg = Release|Any CPU
		{0F5DA023-DB01-46BC-87C5-A33943E93857}.Release|Any CPU.Build.0 = Release|Any CPU
		{0F5DA023-DB01-46BC-87C5-A33943E93857}.Release|x64.ActiveCfg = Release|Any CPU
		{0F5DA023-DB01-46BC-87C5-A33943E93857}.Release|x64.Build.0 = Release|Any CPU
		{0F5DA023-DB01-46BC-87C5-A33943E93857}.Release|x86.ActiveCfg = Release|Any CPU
		{0F5DA023-DB01-46BC-87C5-A33943E93857}.Release|x86.Build.0 = Release|Any CPU
	EndGlobalSection
	GlobalSection(SolutionProperties) = preSolution
		HideSolutionNode = FALSE
	EndGlobalSection
	GlobalSection(NestedProjects) = preSolution
		{AEB3D97A-D367-4FC2-94B7-8D1940A16391} = {827E0CD3-B72D-47B6-A68D-7590B98EB39B}
		{DAAB5E51-0505-4BDD-A31C-7BB4EC34F5B0} = {827E0CD3-B72D-47B6-A68D-7590B98EB39B}
		{13897D53-CF23-4500-8E54-BCAFECF91E22} = {827E0CD3-B72D-47B6-A68D-7590B98EB39B}
		{AAFB2FE3-6FA5-4ED0-A792-4F18167F4117} = {827E0CD3-B72D-47B6-A68D-7590B98EB39B}
		{26E0155B-F188-4396-8585-9B6D867A5F04} = {827E0CD3-B72D-47B6-A68D-7590B98EB39B}
		{36F7C3E5-5F45-40F1-86D7-C8A7B8D3F2E1} = {827E0CD3-B72D-47B6-A68D-7590B98EB39B}
		{DFAD57BA-5A9A-470D-8498-D8C209B33414} = {0AB3BF05-4346-4AA6-1389-037BE0695223}
		{0F5DA023-DB01-46BC-87C5-A33943E93857} = {827E0CD3-B72D-47B6-A68D-7590B98EB39B}
	EndGlobalSection
EndGlobal
